
Microsoft Visual Studio Solution File, Format Version 12.00
# Visual Studio Version 17
VisualStudioVersion = 17.4.33213.308
MinimumVisualStudioVersion = 10.0.40219.1
Project("{FAE04EC0-301F-11D3-BF4B-00C04F79EFBC}") = "task3", "task3\task3.csproj", "{F17921AD-6EB3-44A8-A3C9-176C3F8DBE97}"
EndProject
Global
	GlobalSection(SolutionConfigurationPlatforms) = preSolution
		Debug|Any CPU = Debug|Any CPU
		Release|Any CPU = Release|Any CPU
	EndGlobalSection
	GlobalSection(ProjectConfigurationPlatforms) = postSolution
		{F17921AD-6EB3-44A8-A3C9-176C3F8DBE97}.Debug|Any CPU.ActiveCfg = Debug|Any CPU
		{F17921AD-6EB3-44A8-A3C9-176C3F8DBE97}.Debug|Any CPU.Build.0 = Debug|Any CPU
		{F17921AD-6EB3-44A8-A3C9-176C3F8DBE97}.Release|Any CPU.ActiveCfg = Release|Any CPU
		{F17921AD-6EB3-44A8-A3C9-176C3F8DBE97}.Release|Any CPU.Build.0 = Release|Any CPU
	EndGlobalSection
	GlobalSection(SolutionProperties) = preSolution
		HideSolutionNode = FALSE
	EndGlobalSection
	GlobalSection(ExtensibilityGlobals) = postSolution
		SolutionGuid = {241887BF-270D-4D10-808B-4800B0E3FFB3}
	EndGlobalSection
EndGlobal
