
Microsoft Visual Studio Solution File, Format Version 12.00
# Visual Studio Version 17
VisualStudioVersion = 17.4.33213.308
MinimumVisualStudioVersion = 10.0.40219.1
Project("{FAE04EC0-301F-11D3-BF4B-00C04F79EFBC}") = "task7", "task7\task7.csproj", "{322F16F0-3152-42CD-95EC-C9ABDE806DCA}"
EndProject
Global
	GlobalSection(SolutionConfigurationPlatforms) = preSolution
		Debug|Any CPU = Debug|Any CPU
		Release|Any CPU = Release|Any CPU
	EndGlobalSection
	GlobalSection(ProjectConfigurationPlatforms) = postSolution
		{322F16F0-3152-42CD-95EC-C9ABDE806DCA}.Debug|Any CPU.ActiveCfg = Debug|Any CPU
		{322F16F0-3152-42CD-95EC-C9ABDE806DCA}.Debug|Any CPU.Build.0 = Debug|Any CPU
		{322F16F0-3152-42CD-95EC-C9ABDE806DCA}.Release|Any CPU.ActiveCfg = Release|Any CPU
		{322F16F0-3152-42CD-95EC-C9ABDE806DCA}.Release|Any CPU.Build.0 = Release|Any CPU
	EndGlobalSection
	GlobalSection(SolutionProperties) = preSolution
		HideSolutionNode = FALSE
	EndGlobalSection
	GlobalSection(ExtensibilityGlobals) = postSolution
		SolutionGuid = {B757DF3B-3102-49A2-9101-E0FAE1C4923A}
	EndGlobalSection
EndGlobal
